
Microsoft Visual Studio Solution File, Format Version 12.00
# Visual Studio 15
VisualStudioVersion = 15.0.28218.60
MinimumVisualStudioVersion = 10.0.40219.1
Project("{FAE04EC0-301F-11D3-BF4B-00C04F79EFBC}") = "AngularFileUploader", "AngularFileUploader\AngularFileUploader.csproj", "{37584569-7FCA-40E8-8EE7-3A91C52F5333}"
EndProject
Global
	GlobalSection(SolutionConfigurationPlatforms) = preSolution
		Debug|Any CPU = Debug|Any CPU
		Release|Any CPU = Release|Any CPU
	EndGlobalSection
	GlobalSection(ProjectConfigurationPlatforms) = postSolution
		{37584569-7FCA-40E8-8EE7-3A91C52F5333}.Debug|Any CPU.ActiveCfg = Debug|Any CPU
		{37584569-7FCA-40E8-8EE7-3A91C52F5333}.Debug|Any CPU.Build.0 = Debug|Any CPU
		{37584569-7FCA-40E8-8EE7-3A91C52F5333}.Release|Any CPU.ActiveCfg = Release|Any CPU
		{37584569-7FCA-40E8-8EE7-3A91C52F5333}.Release|Any CPU.Build.0 = Release|Any CPU
	EndGlobalSection
	GlobalSection(SolutionProperties) = preSolution
		HideSolutionNode = FALSE
	EndGlobalSection
	GlobalSection(ExtensibilityGlobals) = postSolution
		SolutionGuid = {34C09869-8574-4E14-A787-D18C81B55494}
	EndGlobalSection
EndGlobal
